
Microsoft Visual Studio Solution File, Format Version 12.00
# Visual Studio Version 16
VisualStudioVersion = 16.0.30611.23
MinimumVisualStudioVersion = 10.0.40219.1
Project("{888888A0-9F3D-457C-B088-3A5042F75D52}") = "pyflask-web", "pyflask-web.pyproj", "{A8C2507C-94CA-4AB4-A4EB-502C1470A382}"
EndProject
Global
	GlobalSection(SolutionConfigurationPlatforms) = preSolution
		Debug|Any CPU = Debug|Any CPU
		Release|Any CPU = Release|Any CPU
	EndGlobalSection
	GlobalSection(ProjectConfigurationPlatforms) = postSolution
		{A8C2507C-94CA-4AB4-A4EB-502C1470A382}.Debug|Any CPU.ActiveCfg = Debug|Any CPU
		{A8C2507C-94CA-4AB4-A4EB-502C1470A382}.Debug|Any CPU.Build.0 = Debug|Any CPU
		{A8C2507C-94CA-4AB4-A4EB-502C1470A382}.Release|Any CPU.ActiveCfg = Release|Any CPU
		{A8C2507C-94CA-4AB4-A4EB-502C1470A382}.Release|Any CPU.Build.0 = Release|Any CPU
	EndGlobalSection
	GlobalSection(SolutionProperties) = preSolution
		HideSolutionNode = FALSE
	EndGlobalSection
	GlobalSection(ExtensibilityGlobals) = postSolution
		SolutionGuid = {853ADD3E-13C2-4C6D-98F4-5919D0F588B1}
	EndGlobalSection
EndGlobal
